
Microsoft Visual Studio Solution File, Format Version 12.00
# Visual Studio Version 17
VisualStudioVersion = 17.14.37111.16 d17.14
MinimumVisualStudioVersion = 10.0.40219.1
Project("{FAE04EC0-301F-11D3-BF4B-00C04F79EFBC}") = "Task2(MVC)", "Task2(MVC)\Task2(MVC).csproj", "{2365BE97-F1A2-4244-BE2C-B6303DA6EAFE}"
EndProject
Global
	GlobalSection(SolutionConfigurationPlatforms) = preSolution
		Debug|Any CPU = Debug|Any CPU
		Release|Any CPU = Release|Any CPU
	EndGlobalSection
	GlobalSection(ProjectConfigurationPlatforms) = postSolution
		{2365BE97-F1A2-4244-BE2C-B6303DA6EAFE}.Debug|Any CPU.ActiveCfg = Debug|Any CPU
		{2365BE97-F1A2-4244-BE2C-B6303DA6EAFE}.Debug|Any CPU.Build.0 = Debug|Any CPU
		{2365BE97-F1A2-4244-BE2C-B6303DA6EAFE}.Release|Any CPU.ActiveCfg = Release|Any CPU
		{2365BE97-F1A2-4244-BE2C-B6303DA6EAFE}.Release|Any CPU.Build.0 = Release|Any CPU
	EndGlobalSection
	GlobalSection(SolutionProperties) = preSolution
		HideSolutionNode = FALSE
	EndGlobalSection
	GlobalSection(ExtensibilityGlobals) = postSolution
		SolutionGuid = {CECA4748-F7FD-4830-B054-4287C8FE29C0}
	EndGlobalSection
EndGlobal
